
Microsoft Visual Studio Solution File, Format Version 12.00
# Visual Studio 15
VisualStudioVersion = 15.0.27130.2036
MinimumVisualStudioVersion = 10.0.40219.1
Project("{9A19103F-16F7-4668-BE54-9A1E7A4F7556}") = "LocatesParser", "ConsoleApp1\LocatesParser.csproj", "{29CEEBA0-DE6F-40DE-91C5-B476881E6DA5}"
EndProject
Project("{9A19103F-16F7-4668-BE54-9A1E7A4F7556}") = "LocateDisplay", "LocateDisplay\LocateDisplay.csproj", "{9E94AF5A-CA0D-46C9-A08E-C2A90CE174C0}"
EndProject
Global
	GlobalSection(SolutionConfigurationPlatforms) = preSolution
		Debug|Any CPU = Debug|Any CPU
		Release|Any CPU = Release|Any CPU
	EndGlobalSection
	GlobalSection(ProjectConfigurationPlatforms) = postSolution
		{29CEEBA0-DE6F-40DE-91C5-B476881E6DA5}.Debug|Any CPU.ActiveCfg = Debug|Any CPU
		{29CEEBA0-DE6F-40DE-91C5-B476881E6DA5}.Debug|Any CPU.Build.0 = Debug|Any CPU
		{29CEEBA0-DE6F-40DE-91C5-B476881E6DA5}.Release|Any CPU.ActiveCfg = Release|Any CPU
		{29CEEBA0-DE6F-40DE-91C5-B476881E6DA5}.Release|Any CPU.Build.0 = Release|Any CPU
		{9E94AF5A-CA0D-46C9-A08E-C2A90CE174C0}.Debug|Any CPU.ActiveCfg = Debug|Any CPU
		{9E94AF5A-CA0D-46C9-A08E-C2A90CE174C0}.Debug|Any CPU.Build.0 = Debug|Any CPU
		{9E94AF5A-CA0D-46C9-A08E-C2A90CE174C0}.Release|Any CPU.ActiveCfg = Release|Any CPU
		{9E94AF5A-CA0D-46C9-A08E-C2A90CE174C0}.Release|Any CPU.Build.0 = Release|Any CPU
	EndGlobalSection
	GlobalSection(SolutionProperties) = preSolution
		HideSolutionNode = FALSE
	EndGlobalSection
	GlobalSection(ExtensibilityGlobals) = postSolution
		SolutionGuid = {1BDC9A23-2946-4812-B9DF-35A4D6AABC3B}
	EndGlobalSection
EndGlobal
